
Microsoft Visual Studio Solution File, Format Version 12.00
# Visual Studio Version 16
VisualStudioVersion = 16.0.31702.278
MinimumVisualStudioVersion = 10.0.40219.1
Project("{9A19103F-16F7-4668-BE54-9A1E7A4F7556}") = "SEPFramework", "SEPFramework\SEPFramework.csproj", "{0FABD8D6-F264-461E-B2B3-2D88913168DC}"
EndProject
Project("{9A19103F-16F7-4668-BE54-9A1E7A4F7556}") = "Test", "Test\Test.csproj", "{369FA72D-DC5A-48EC-8C33-08C04E92462D}"
EndProject
Project("{FAE04EC0-301F-11D3-BF4B-00C04F79EFBC}") = "IoCContainer", "IoCContainer\IoCContainer.csproj", "{5C15DC77-F0DA-4030-A9E1-62A7AE815915}"
EndProject
Global
	GlobalSection(SolutionConfigurationPlatforms) = preSolution
		Debug|Any CPU = Debug|Any CPU
		Release|Any CPU = Release|Any CPU
	EndGlobalSection
	GlobalSection(ProjectConfigurationPlatforms) = postSolution
		{0FABD8D6-F264-461E-B2B3-2D88913168DC}.Debug|Any CPU.ActiveCfg = Debug|Any CPU
		{0FABD8D6-F264-461E-B2B3-2D88913168DC}.Debug|Any CPU.Build.0 = Debug|Any CPU
		{0FABD8D6-F264-461E-B2B3-2D88913168DC}.Release|Any CPU.ActiveCfg = Release|Any CPU
		{0FABD8D6-F264-461E-B2B3-2D88913168DC}.Release|Any CPU.Build.0 = Release|Any CPU
		{369FA72D-DC5A-48EC-8C33-08C04E92462D}.Debug|Any CPU.ActiveCfg = Debug|Any CPU
		{369FA72D-DC5A-48EC-8C33-08C04E92462D}.Debug|Any CPU.Build.0 = Debug|Any CPU
		{369FA72D-DC5A-48EC-8C33-08C04E92462D}.Release|Any CPU.ActiveCfg = Release|Any CPU
		{369FA72D-DC5A-48EC-8C33-08C04E92462D}.Release|Any CPU.Build.0 = Release|Any CPU
		{5C15DC77-F0DA-4030-A9E1-62A7AE815915}.Debug|Any CPU.ActiveCfg = Debug|Any CPU
		{5C15DC77-F0DA-4030-A9E1-62A7AE815915}.Debug|Any CPU.Build.0 = Debug|Any CPU
		{5C15DC77-F0DA-4030-A9E1-62A7AE815915}.Release|Any CPU.ActiveCfg = Release|Any CPU
		{5C15DC77-F0DA-4030-A9E1-62A7AE815915}.Release|Any CPU.Build.0 = Release|Any CPU
	EndGlobalSection
	GlobalSection(SolutionProperties) = preSolution
		HideSolutionNode = FALSE
	EndGlobalSection
	GlobalSection(ExtensibilityGlobals) = postSolution
		SolutionGuid = {6F5962F6-FBA4-4636-A646-4059118B6671}
	EndGlobalSection
EndGlobal
